// !$*UTF8*$!
{
	archiveVersion = 1;
	classes = {
	};
	objectVersion = 56;
	objects = {

/* Begin PBXBuildFile section */
		07F28B682A4E708F0021B9E9 /* AppDelegate.swift in Sources */ = {isa = PBXBuildFile; fileRef = 07F28B672A4E708F0021B9E9 /* AppDelegate.swift */; };
		07F28B6A2A4E708F0021B9E9 /* SceneDelegate.swift in Sources */ = {isa = PBXBuildFile; fileRef = 07F28B692A4E708F0021B9E9 /* SceneDelegate.swift */; };
		07F28B6C2A4E708F0021B9E9 /* ViewController.swift in Sources */ = {isa = PBXBuildFile; fileRef = 07F28B6B2A4E708F0021B9E9 /* ViewController.swift */; };
		07F28B712A4E70900021B9E9 /* Assets.xcassets in Resources */ = {isa = PBXBuildFile; fileRef = 07F28B702A4E70900021B9E9 /* Assets.xcassets */; };
		07F28B742A4E70900021B9E9 /* LaunchScreen.storyboard in Resources */ = {isa = PBXBuildFile; fileRef = 07F28B722A4E70900021B9E9 /* LaunchScreen.storyboard */; };
		07F28B852A4E7B090021B9E9 /* TabBarViewController.swift in Sources */ = {isa = PBXBuildFile; fileRef = 07F28B842A4E7B090021B9E9 /* TabBarViewController.swift */; };
		07F28B882A4E7B9F0021B9E9 /* SnapKit in Frameworks */ = {isa = PBXBuildFile; productRef = 07F28B872A4E7B9F0021B9E9 /* SnapKit */; };
		07F28B8B2A4E7BAC0021B9E9 /* Then in Frameworks */ = {isa = PBXBuildFile; productRef = 07F28B8A2A4E7BAC0021B9E9 /* Then */; };
		07F28B8D2A4EF7530021B9E9 /* AppleSDGothicNeo.ttc in Resources */ = {isa = PBXBuildFile; fileRef = 07F28B8C2A4EF7530021B9E9 /* AppleSDGothicNeo.ttc */; };
		07F28B8F2A4EF8E10021B9E9 /* MINDWAYFont.swift in Sources */ = {isa = PBXBuildFile; fileRef = 07F28B8E2A4EF8E10021B9E9 /* MINDWAYFont.swift */; };
		07F28B922A4EF98B0021B9E9 /* BaseViewController.swift in Sources */ = {isa = PBXBuildFile; fileRef = 07F28B912A4EF98B0021B9E9 /* BaseViewController.swift */; };
		844494CE2A59428000AA6C14 /* UIColor+Extension.swift in Sources */ = {isa = PBXBuildFile; fileRef = 844494CD2A59428000AA6C14 /* UIColor+Extension.swift */; };
/* End PBXBuildFile section */

/* Begin PBXFileReference section */
		07F28B642A4E708F0021B9E9 /* MINDWAY.app */ = {isa = PBXFileReference; explicitFileType = wrapper.application; includeInIndex = 0; path = MINDWAY.app; sourceTree = BUILT_PRODUCTS_DIR; };
		07F28B672A4E708F0021B9E9 /* AppDelegate.swift */ = {isa = PBXFileReference; lastKnownFileType = sourcecode.swift; path = AppDelegate.swift; sourceTree = "<group>"; };
		07F28B692A4E708F0021B9E9 /* SceneDelegate.swift */ = {isa = PBXFileReference; lastKnownFileType = sourcecode.swift; path = SceneDelegate.swift; sourceTree = "<group>"; };
		07F28B6B2A4E708F0021B9E9 /* ViewController.swift */ = {isa = PBXFileReference; lastKnownFileType = sourcecode.swift; path = ViewController.swift; sourceTree = "<group>"; };
		07F28B702A4E70900021B9E9 /* Assets.xcassets */ = {isa = PBXFileReference; lastKnownFileType = folder.assetcatalog; path = Assets.xcassets; sourceTree = "<group>"; };
		07F28B732A4E70900021B9E9 /* Base */ = {isa = PBXFileReference; lastKnownFileType = file.storyboard; name = Base; path = Base.lproj/LaunchScreen.storyboard; sourceTree = "<group>"; };
		07F28B752A4E70900021B9E9 /* Info.plist */ = {isa = PBXFileReference; lastKnownFileType = text.plist.xml; path = Info.plist; sourceTree = "<group>"; };
		07F28B842A4E7B090021B9E9 /* TabBarViewController.swift */ = {isa = PBXFileReference; lastKnownFileType = sourcecode.swift; path = TabBarViewController.swift; sourceTree = "<group>"; };
		07F28B8C2A4EF7530021B9E9 /* AppleSDGothicNeo.ttc */ = {isa = PBXFileReference; lastKnownFileType = file; path = AppleSDGothicNeo.ttc; sourceTree = "<group>"; };
		07F28B8E2A4EF8E10021B9E9 /* MINDWAYFont.swift */ = {isa = PBXFileReference; lastKnownFileType = sourcecode.swift; path = MINDWAYFont.swift; sourceTree = "<group>"; };
		07F28B912A4EF98B0021B9E9 /* BaseViewController.swift */ = {isa = PBXFileReference; lastKnownFileType = sourcecode.swift; path = BaseViewController.swift; sourceTree = "<group>"; };
		844494CD2A59428000AA6C14 /* UIColor+Extension.swift */ = {isa = PBXFileReference; lastKnownFileType = sourcecode.swift; path = "UIColor+Extension.swift"; sourceTree = "<group>"; };
/* End PBXFileReference section */

/* Begin PBXFrameworksBuildPhase section */
		07F28B612A4E708F0021B9E9 /* Frameworks */ = {
			isa = PBXFrameworksBuildPhase;
			buildActionMask = 2147483647;
			files = (
				07F28B882A4E7B9F0021B9E9 /* SnapKit in Frameworks */,
				07F28B8B2A4E7BAC0021B9E9 /* Then in Frameworks */,
			);
			runOnlyForDeploymentPostprocessing = 0;
		};
/* End PBXFrameworksBuildPhase section */

/* Begin PBXGroup section */
		07F28B5B2A4E708F0021B9E9 = {
			isa = PBXGroup;
			children = (
				07F28B662A4E708F0021B9E9 /* MINDWAY */,
				07F28B652A4E708F0021B9E9 /* Products */,
			);
			sourceTree = "<group>";
		};
		07F28B652A4E708F0021B9E9 /* Products */ = {
			isa = PBXGroup;
			children = (
				07F28B642A4E708F0021B9E9 /* MINDWAY.app */,
			);
			name = Products;
			sourceTree = "<group>";
		};
		07F28B662A4E708F0021B9E9 /* MINDWAY */ = {
			isa = PBXGroup;
			children = (
				844494CC2A59423D00AA6C14 /* Extension */,
				07F28B7E2A4E721E0021B9E9 /* Font */,
				07F28B7D2A4E71E10021B9E9 /* Controller */,
				07F28B7B2A4E714B0021B9E9 /* App */,
				07F28B702A4E70900021B9E9 /* Assets.xcassets */,
				07F28B722A4E70900021B9E9 /* LaunchScreen.storyboard */,
				07F28B752A4E70900021B9E9 /* Info.plist */,
			);
			path = MINDWAY;
			sourceTree = "<group>";
		};
		07F28B7B2A4E714B0021B9E9 /* App */ = {
			isa = PBXGroup;
			children = (
				07F28B692A4E708F0021B9E9 /* SceneDelegate.swift */,
				07F28B672A4E708F0021B9E9 /* AppDelegate.swift */,
			);
			path = App;
			sourceTree = "<group>";
		};
		07F28B7D2A4E71E10021B9E9 /* Controller */ = {
			isa = PBXGroup;
			children = (
				07F28B6B2A4E708F0021B9E9 /* ViewController.swift */,
				07F28B932A4EFF4D0021B9E9 /* TabBar */,
				07F28B902A4EF9780021B9E9 /* Base */,
			);
			path = Controller;
			sourceTree = "<group>";
		};
		07F28B7E2A4E721E0021B9E9 /* Font */ = {
			isa = PBXGroup;
			children = (
				07F28B8C2A4EF7530021B9E9 /* AppleSDGothicNeo.ttc */,
				07F28B8E2A4EF8E10021B9E9 /* MINDWAYFont.swift */,
			);
			path = Font;
			sourceTree = "<group>";
		};
		07F28B902A4EF9780021B9E9 /* Base */ = {
			isa = PBXGroup;
			children = (
				07F28B912A4EF98B0021B9E9 /* BaseViewController.swift */,
			);
			path = Base;
			sourceTree = "<group>";
		};
		07F28B932A4EFF4D0021B9E9 /* TabBar */ = {
			isa = PBXGroup;
			children = (
				07F28B842A4E7B090021B9E9 /* TabBarViewController.swift */,
			);
			path = TabBar;
			sourceTree = "<group>";
		};
		844494CC2A59423D00AA6C14 /* Extension */ = {
			isa = PBXGroup;
			children = (
				844494CD2A59428000AA6C14 /* UIColor+Extension.swift */,
			);
			path = Extension;
			sourceTree = "<group>";
		};
/* End PBXGroup section */

/* Begin PBXNativeTarget section */
		07F28B632A4E708F0021B9E9 /* MINDWAY */ = {
			isa = PBXNativeTarget;
			buildConfigurationList = 07F28B782A4E70900021B9E9 /* Build configuration list for PBXNativeTarget "MINDWAY" */;
			buildPhases = (
				07F28B602A4E708F0021B9E9 /* Sources */,
				07F28B612A4E708F0021B9E9 /* Frameworks */,
				07F28B622A4E708F0021B9E9 /* Resources */,
			);
			buildRules = (
			);
			dependencies = (
			);
			name = MINDWAY;
			packageProductDependencies = (
				07F28B872A4E7B9F0021B9E9 /* SnapKit */,
				07F28B8A2A4E7BAC0021B9E9 /* Then */,
			);
			productName = MINDWAY;
			productReference = 07F28B642A4E708F0021B9E9 /* MINDWAY.app */;
			productType = "com.apple.product-type.application";
		};
/* End PBXNativeTarget section */

/* Begin PBXProject section */
		07F28B5C2A4E708F0021B9E9 /* Project object */ = {
			isa = PBXProject;
			attributes = {
				BuildIndependentTargetsInParallel = 1;
				LastSwiftUpdateCheck = 1430;
				LastUpgradeCheck = 1430;
				TargetAttributes = {
					07F28B632A4E708F0021B9E9 = {
						CreatedOnToolsVersion = 14.3;
					};
				};
			};
			buildConfigurationList = 07F28B5F2A4E708F0021B9E9 /* Build configuration list for PBXProject "MINDWAY" */;
			compatibilityVersion = "Xcode 14.0";
			developmentRegion = en;
			hasScannedForEncodings = 0;
			knownRegions = (
				en,
				Base,
			);
			mainGroup = 07F28B5B2A4E708F0021B9E9;
			packageReferences = (
				07F28B862A4E7B9F0021B9E9 /* XCRemoteSwiftPackageReference "SnapKit" */,
				07F28B892A4E7BAC0021B9E9 /* XCRemoteSwiftPackageReference "Then" */,
			);
			productRefGroup = 07F28B652A4E708F0021B9E9 /* Products */;
			projectDirPath = "";
			projectRoot = "";
			targets = (
				07F28B632A4E708F0021B9E9 /* MINDWAY */,
			);
		};
/* End PBXProject section */

/* Begin PBXResourcesBuildPhase section */
		07F28B622A4E708F0021B9E9 /* Resources */ = {
			isa = PBXResourcesBuildPhase;
			buildActionMask = 2147483647;
			files = (
				07F28B742A4E70900021B9E9 /* LaunchScreen.storyboard in Resources */,
				07F28B8D2A4EF7530021B9E9 /* AppleSDGothicNeo.ttc in Resources */,
				07F28B712A4E70900021B9E9 /* Assets.xcassets in Resources */,
			);
			runOnlyForDeploymentPostprocessing = 0;
		};
/* End PBXResourcesBuildPhase section */

/* Begin PBXSourcesBuildPhase section */
		07F28B602A4E708F0021B9E9 /* Sources */ = {
			isa = PBXSourcesBuildPhase;
			buildActionMask = 2147483647;
			files = (
				844494CE2A59428000AA6C14 /* UIColor+Extension.swift in Sources */,
				07F28B852A4E7B090021B9E9 /* TabBarViewController.swift in Sources */,
				07F28B6C2A4E708F0021B9E9 /* ViewController.swift in Sources */,
				07F28B682A4E708F0021B9E9 /* AppDelegate.swift in Sources */,
				07F28B6A2A4E708F0021B9E9 /* SceneDelegate.swift in Sources */,
				07F28B8F2A4EF8E10021B9E9 /* MINDWAYFont.swift in Sources */,
				07F28B922A4EF98B0021B9E9 /* BaseViewController.swift in Sources */,
			);
			runOnlyForDeploymentPostprocessing = 0;
		};
/* End PBXSourcesBuildPhase section */

/* Begin PBXVariantGroup section */
		07F28B722A4E70900021B9E9 /* LaunchScreen.storyboard */ = {
			isa = PBXVariantGroup;
			children = (
				07F28B732A4E70900021B9E9 /* Base */,
			);
			name = LaunchScreen.storyboard;
			sourceTree = "<group>";
		};
/* End PBXVariantGroup section */

/* Begin XCBuildConfiguration section */
		07F28B762A4E70900021B9E9 /* Debug */ = {
			isa = XCBuildConfiguration;
			buildSettings = {
				ALWAYS_SEARCH_USER_PATHS = NO;
				CLANG_ANALYZER_NONNULL = YES;
				CLANG_ANALYZER_NUMBER_OBJECT_CONVERSION = YES_AGGRESSIVE;
				CLANG_CXX_LANGUAGE_STANDARD = "gnu++20";
				CLANG_ENABLE_MODULES = YES;
				CLANG_ENABLE_OBJC_ARC = YES;
				CLANG_ENABLE_OBJC_WEAK = YES;
				CLANG_WARN_BLOCK_CAPTURE_AUTORELEASING = YES;
				CLANG_WARN_BOOL_CONVERSION = YES;
				CLANG_WARN_COMMA = YES;
				CLANG_WARN_CONSTANT_CONVERSION = YES;
				CLANG_WARN_DEPRECATED_OBJC_IMPLEMENTATIONS = YES;
				CLANG_WARN_DIRECT_OBJC_ISA_USAGE = YES_ERROR;
				CLANG_WARN_DOCUMENTATION_COMMENTS = YES;
				CLANG_WARN_EMPTY_BODY = YES;
				CLANG_WARN_ENUM_CONVERSION = YES;
				CLANG_WARN_INFINITE_RECURSION = YES;
				CLANG_WARN_INT_CONVERSION = YES;
				CLANG_WARN_NON_LITERAL_NULL_CONVERSION = YES;
				CLANG_WARN_OBJC_IMPLICIT_RETAIN_SELF = YES;
				CLANG_WARN_OBJC_LITERAL_CONVERSION = YES;
				CLANG_WARN_OBJC_ROOT_CLASS = YES_ERROR;
				CLANG_WARN_QUOTED_INCLUDE_IN_FRAMEWORK_HEADER = YES;
				CLANG_WARN_RANGE_LOOP_ANALYSIS = YES;
				CLANG_WARN_STRICT_PROTOTYPES = YES;
				CLANG_WARN_SUSPICIOUS_MOVE = YES;
				CLANG_WARN_UNGUARDED_AVAILABILITY = YES_AGGRESSIVE;
				CLANG_WARN_UNREACHABLE_CODE = YES;
				CLANG_WARN__DUPLICATE_METHOD_MATCH = YES;
				COPY_PHASE_STRIP = NO;
				DEBUG_INFORMATION_FORMAT = dwarf;
				ENABLE_STRICT_OBJC_MSGSEND = YES;
				ENABLE_TESTABILITY = YES;
				GCC_C_LANGUAGE_STANDARD = gnu11;
				GCC_DYNAMIC_NO_PIC = NO;
				GCC_NO_COMMON_BLOCKS = YES;
				GCC_OPTIMIZATION_LEVEL = 0;
				GCC_PREPROCESSOR_DEFINITIONS = (
					"DEBUG=1",
					"$(inherited)",
				);
				GCC_WARN_64_TO_32_BIT_CONVERSION = YES;
				GCC_WARN_ABOUT_RETURN_TYPE = YES_ERROR;
				GCC_WARN_UNDECLARED_SELECTOR = YES;
				GCC_WARN_UNINITIALIZED_AUTOS = YES_AGGRESSIVE;
				GCC_WARN_UNUSED_FUNCTION = YES;
				GCC_WARN_UNUSED_VARIABLE = YES;
				IPHONEOS_DEPLOYMENT_TARGET = 16.4;
				MTL_ENABLE_DEBUG_INFO = INCLUDE_SOURCE;
				MTL_FAST_MATH = YES;
				ONLY_ACTIVE_ARCH = YES;
				SDKROOT = iphoneos;
				SWIFT_ACTIVE_COMPILATION_CONDITIONS = DEBUG;
				SWIFT_OPTIMIZATION_LEVEL = "-Onone";
			};
			name = Debug;
		};
		07F28B772A4E70900021B9E9 /* Release */ = {
			isa = XCBuildConfiguration;
			buildSettings = {
				ALWAYS_SEARCH_USER_PATHS = NO;
				CLANG_ANALYZER_NONNULL = YES;
				CLANG_ANALYZER_NUMBER_OBJECT_CONVERSION = YES_AGGRESSIVE;
				CLANG_CXX_LANGUAGE_STANDARD = "gnu++20";
				CLANG_ENABLE_MODULES = YES;
				CLANG_ENABLE_OBJC_ARC = YES;
				CLANG_ENABLE_OBJC_WEAK = YES;
				CLANG_WARN_BLOCK_CAPTURE_AUTORELEASING = YES;
				CLANG_WARN_BOOL_CONVERSION = YES;
				CLANG_WARN_COMMA = YES;
				CLANG_WARN_CONSTANT_CONVERSION = YES;
				CLANG_WARN_DEPRECATED_OBJC_IMPLEMENTATIONS = YES;
				CLANG_WARN_DIRECT_OBJC_ISA_USAGE = YES_ERROR;
				CLANG_WARN_DOCUMENTATION_COMMENTS = YES;
				CLANG_WARN_EMPTY_BODY = YES;
				CLANG_WARN_ENUM_CONVERSION = YES;
				CLANG_WARN_INFINITE_RECURSION = YES;
				CLANG_WARN_INT_CONVERSION = YES;
				CLANG_WARN_NON_LITERAL_NULL_CONVERSION = YES;
				CLANG_WARN_OBJC_IMPLICIT_RETAIN_SELF = YES;
				CLANG_WARN_OBJC_LITERAL_CONVERSION = YES;
				CLANG_WARN_OBJC_ROOT_CLASS = YES_ERROR;
				CLANG_WARN_QUOTED_INCLUDE_IN_FRAMEWORK_HEADER = YES;
				CLANG_WARN_RANGE_LOOP_ANALYSIS = YES;
				CLANG_WARN_STRICT_PROTOTYPES = YES;
				CLANG_WARN_SUSPICIOUS_MOVE = YES;
				CLANG_WARN_UNGUARDED_AVAILABILITY = YES_AGGRESSIVE;
				CLANG_WARN_UNREACHABLE_CODE = YES;
				CLANG_WARN__DUPLICATE_METHOD_MATCH = YES;
				COPY_PHASE_STRIP = NO;
				DEBUG_INFORMATION_FORMAT = "dwarf-with-dsym";
				ENABLE_NS_ASSERTIONS = NO;
				ENABLE_STRICT_OBJC_MSGSEND = YES;
				GCC_C_LANGUAGE_STANDARD = gnu11;
				GCC_NO_COMMON_BLOCKS = YES;
				GCC_WARN_64_TO_32_BIT_CONVERSION = YES;
				GCC_WARN_ABOUT_RETURN_TYPE = YES_ERROR;
				GCC_WARN_UNDECLARED_SELECTOR = YES;
				GCC_WARN_UNINITIALIZED_AUTOS = YES_AGGRESSIVE;
				GCC_WARN_UNUSED_FUNCTION = YES;
				GCC_WARN_UNUSED_VARIABLE = YES;
				IPHONEOS_DEPLOYMENT_TARGET = 16.4;
				MTL_ENABLE_DEBUG_INFO = NO;
				MTL_FAST_MATH = YES;
				SDKROOT = iphoneos;
				SWIFT_COMPILATION_MODE = wholemodule;
				SWIFT_OPTIMIZATION_LEVEL = "-O";
				VALIDATE_PRODUCT = YES;
			};
			name = Release;
		};
		07F28B792A4E70900021B9E9 /* Debug */ = {
			isa = XCBuildConfiguration;
			buildSettings = {
				ASSETCATALOG_COMPILER_APPICON_NAME = AppIcon;
				ASSETCATALOG_COMPILER_GLOBAL_ACCENT_COLOR_NAME = AccentColor;
				CODE_SIGN_STYLE = Automatic;
				CURRENT_PROJECT_VERSION = 1;
				DEVELOPMENT_TEAM = S4K8SAN9WG;
				GENERATE_INFOPLIST_FILE = YES;
				INFOPLIST_FILE = MINDWAY/Info.plist;
				INFOPLIST_KEY_UIApplicationSupportsIndirectInputEvents = YES;
				INFOPLIST_KEY_UILaunchStoryboardName = LaunchScreen;
				INFOPLIST_KEY_UISupportedInterfaceOrientations_iPad = "UIInterfaceOrientationPortrait UIInterfaceOrientationPortraitUpsideDown UIInterfaceOrientationLandscapeLeft UIInterfaceOrientationLandscapeRight";
				INFOPLIST_KEY_UISupportedInterfaceOrientations_iPhone = "UIInterfaceOrientationPortrait UIInterfaceOrientationLandscapeLeft UIInterfaceOrientationLandscapeRight";
				LD_RUNPATH_SEARCH_PATHS = (
					"$(inherited)",
					"@executable_path/Frameworks",
				);
				MARKETING_VERSION = 1.0;
				PRODUCT_BUNDLE_IDENTIFIER = ain.MINDWAY;
				PRODUCT_NAME = "$(TARGET_NAME)";
				SWIFT_EMIT_LOC_STRINGS = YES;
				SWIFT_VERSION = 5.0;
				TARGETED_DEVICE_FAMILY = "1,2";
			};
			name = Debug;
		};
		07F28B7A2A4E70900021B9E9 /* Release */ = {
			isa = XCBuildConfiguration;
			buildSettings = {
				ASSETCATALOG_COMPILER_APPICON_NAME = AppIcon;
				ASSETCATALOG_COMPILER_GLOBAL_ACCENT_COLOR_NAME = AccentColor;
				CODE_SIGN_STYLE = Automatic;
				CURRENT_PROJECT_VERSION = 1;
				DEVELOPMENT_TEAM = S4K8SAN9WG;
				GENERATE_INFOPLIST_FILE = YES;
				INFOPLIST_FILE = MINDWAY/Info.plist;
				INFOPLIST_KEY_UIApplicationSupportsIndirectInputEvents = YES;
				INFOPLIST_KEY_UILaunchStoryboardName = LaunchScreen;
				INFOPLIST_KEY_UISupportedInterfaceOrientations_iPad = "UIInterfaceOrientationPortrait UIInterfaceOrientationPortraitUpsideDown UIInterfaceOrientationLandscapeLeft UIInterfaceOrientationLandscapeRight";
				INFOPLIST_KEY_UISupportedInterfaceOrientations_iPhone = "UIInterfaceOrientationPortrait UIInterfaceOrientationLandscapeLeft UIInterfaceOrientationLandscapeRight";
				LD_RUNPATH_SEARCH_PATHS = (
					"$(inherited)",
					"@executable_path/Frameworks",
				);
				MARKETING_VERSION = 1.0;
				PRODUCT_BUNDLE_IDENTIFIER = ain.MINDWAY;
				PRODUCT_NAME = "$(TARGET_NAME)";
				SWIFT_EMIT_LOC_STRINGS = YES;
				SWIFT_VERSION = 5.0;
				TARGETED_DEVICE_FAMILY = "1,2";
			};
			name = Release;
		};
/* End XCBuildConfiguration section */

/* Begin XCConfigurationList section */
		07F28B5F2A4E708F0021B9E9 /* Build configuration list for PBXProject "MINDWAY" */ = {
			isa = XCConfigurationList;
			buildConfigurations = (
				07F28B762A4E70900021B9E9 /* Debug */,
				07F28B772A4E70900021B9E9 /* Release */,
			);
			defaultConfigurationIsVisible = 0;
			defaultConfigurationName = Release;
		};
		07F28B782A4E70900021B9E9 /* Build configuration list for PBXNativeTarget "MINDWAY" */ = {
			isa = XCConfigurationList;
			buildConfigurations = (
				07F28B792A4E70900021B9E9 /* Debug */,
				07F28B7A2A4E70900021B9E9 /* Release */,
			);
			defaultConfigurationIsVisible = 0;
			defaultConfigurationName = Release;
		};
/* End XCConfigurationList section */

/* Begin XCRemoteSwiftPackageReference section */
		07F28B862A4E7B9F0021B9E9 /* XCRemoteSwiftPackageReference "SnapKit" */ = {
			isa = XCRemoteSwiftPackageReference;
			repositoryURL = "https://github.com/SnapKit/SnapKit";
			requirement = {
				kind = upToNextMajorVersion;
				minimumVersion = 5.0.0;
			};
		};
		07F28B892A4E7BAC0021B9E9 /* XCRemoteSwiftPackageReference "Then" */ = {
			isa = XCRemoteSwiftPackageReference;
			repositoryURL = "https://github.com/devxoul/Then";
			requirement = {
				kind = upToNextMajorVersion;
				minimumVersion = 3.0.0;
			};
		};
/* End XCRemoteSwiftPackageReference section */

/* Begin XCSwiftPackageProductDependency section */
		07F28B872A4E7B9F0021B9E9 /* SnapKit */ = {
			isa = XCSwiftPackageProductDependency;
			package = 07F28B862A4E7B9F0021B9E9 /* XCRemoteSwiftPackageReference "SnapKit" */;
			productName = SnapKit;
		};
		07F28B8A2A4E7BAC0021B9E9 /* Then */ = {
			isa = XCSwiftPackageProductDependency;
			package = 07F28B892A4E7BAC0021B9E9 /* XCRemoteSwiftPackageReference "Then" */;
			productName = Then;
		};
/* End XCSwiftPackageProductDependency section */
	};
	rootObject = 07F28B5C2A4E708F0021B9E9 /* Project object */;
}
